github.com/boltdb/bolt v1.3.1 h1:JQmyP4ZBrce+ZQu0dY660FMfatumYDLun9hBCUVIkF4=
github.com/boltdb/bolt v1.3.1/go.mod h1:clJnj/oiGkjum5o1McbSZDSLxVThjynRyGBgiAx27Ps=
golang.org/x/sys v0.0.0-20220513210249-45d2b4557a2a h1:N2T1jUrTQE9Re6TFF5PhvEHXHCguynGhKjWVsIUt5cY=
golang.org/x/sys v0.0.0-20220513210249-45d2b4557a2a/go.mod h1:oPkhp1MJrh7nUepCBck5+mAzfO9JrbApNNgaTdGDITg=
